
Microsoft Visual Studio Solution File, Format Version 12.00
# Visual Studio 15
VisualStudioVersion = 15.0.28307.106
MinimumVisualStudioVersion = 10.0.40219.1
Project("{FAE04EC0-301F-11D3-BF4B-00C04F79EFBC}") = "ApiGateway", "ApiGateway\ApiGateway.csproj", "{A9747976-BB68-41B5-BA98-8FCCFC4E6E82}"
EndProject
Global
	GlobalSection(SolutionConfigurationPlatforms) = preSolution
		Debug|Any CPU = Debug|Any CPU
		Release|Any CPU = Release|Any CPU
	EndGlobalSection
	GlobalSection(ProjectConfigurationPlatforms) = postSolution
		{A9747976-BB68-41B5-BA98-8FCCFC4E6E82}.Debug|Any CPU.ActiveCfg = Debug|Any CPU
		{A9747976-BB68-41B5-BA98-8FCCFC4E6E82}.Debug|Any CPU.Build.0 = Debug|Any CPU
		{A9747976-BB68-41B5-BA98-8FCCFC4E6E82}.Release|Any CPU.ActiveCfg = Release|Any CPU
		{A9747976-BB68-41B5-BA98-8FCCFC4E6E82}.Release|Any CPU.Build.0 = Release|Any CPU
	EndGlobalSection
	GlobalSection(SolutionProperties) = preSolution
		HideSolutionNode = FALSE
	EndGlobalSection
	GlobalSection(ExtensibilityGlobals) = postSolution
		SolutionGuid = {BF8A155B-EB81-4455-A79B-4FF9D7A35FA4}
	EndGlobalSection
EndGlobal
