
Microsoft Visual Studio Solution File, Format Version 12.00
# Visual Studio 15
VisualStudioVersion = 15.0.28307.106
MinimumVisualStudioVersion = 10.0.40219.1
Project("{FAE04EC0-301F-11D3-BF4B-00C04F79EFBC}") = "NotificationManagement.Gateways.Nsb", "NotificationManagement.Gateways.Nsb\NotificationManagement.Gateways.Nsb.csproj", "{4BDB194F-16AD-48C6-9D70-D487217E2717}"
EndProject
Global
	GlobalSection(SolutionConfigurationPlatforms) = preSolution
		Debug|Any CPU = Debug|Any CPU
		Release|Any CPU = Release|Any CPU
	EndGlobalSection
	GlobalSection(ProjectConfigurationPlatforms) = postSolution
		{4BDB194F-16AD-48C6-9D70-D487217E2717}.Debug|Any CPU.ActiveCfg = Debug|Any CPU
		{4BDB194F-16AD-48C6-9D70-D487217E2717}.Debug|Any CPU.Build.0 = Debug|Any CPU
		{4BDB194F-16AD-48C6-9D70-D487217E2717}.Release|Any CPU.ActiveCfg = Release|Any CPU
		{4BDB194F-16AD-48C6-9D70-D487217E2717}.Release|Any CPU.Build.0 = Release|Any CPU
	EndGlobalSection
	GlobalSection(SolutionProperties) = preSolution
		HideSolutionNode = FALSE
	EndGlobalSection
	GlobalSection(ExtensibilityGlobals) = postSolution
		SolutionGuid = {19F44692-0DEA-48CF-A8B4-BBF666F80CB3}
	EndGlobalSection
EndGlobal
